
Microsoft Visual Studio Solution File, Format Version 12.00
# Visual Studio Version 17
VisualStudioVersion = 17.14.36414.22 d17.14
MinimumVisualStudioVersion = 10.0.40219.1
Project("{FAE04EC0-301F-11D3-BF4B-00C04F79EFBC}") = "WeaponSystem", "WeaponSystem\WeaponSystem.csproj", "{D5D955B1-D2E1-4062-83E9-A6940D670905}"
EndProject
Global
	GlobalSection(SolutionConfigurationPlatforms) = preSolution
		Debug|Any CPU = Debug|Any CPU
		Release|Any CPU = Release|Any CPU
	EndGlobalSection
	GlobalSection(ProjectConfigurationPlatforms) = postSolution
		{D5D955B1-D2E1-4062-83E9-A6940D670905}.Debug|Any CPU.ActiveCfg = Debug|Any CPU
		{D5D955B1-D2E1-4062-83E9-A6940D670905}.Debug|Any CPU.Build.0 = Debug|Any CPU
		{D5D955B1-D2E1-4062-83E9-A6940D670905}.Release|Any CPU.ActiveCfg = Release|Any CPU
		{D5D955B1-D2E1-4062-83E9-A6940D670905}.Release|Any CPU.Build.0 = Release|Any CPU
	EndGlobalSection
	GlobalSection(SolutionProperties) = preSolution
		HideSolutionNode = FALSE
	EndGlobalSection
	GlobalSection(ExtensibilityGlobals) = postSolution
		SolutionGuid = {D9C13DA6-979E-48F0-9F34-688EEE065E9F}
	EndGlobalSection
EndGlobal
